
Microsoft Visual Studio Solution File, Format Version 12.00
# Visual Studio Version 16
VisualStudioVersion = 16.0.31205.134
MinimumVisualStudioVersion = 10.0.40219.1
Project("{2150E333-8FDC-42A3-9474-1A3956D46DE8}") = "Faces", "Faces", "{0C99C8F8-6F5B-42D8-8C1A-CB5750ADA6B8}"
EndProject
Project("{FAE04EC0-301F-11D3-BF4B-00C04F79EFBC}") = "Faces.API", "Faces\Faces.API\Faces.API.csproj", "{1B7C9DBF-0B13-42B9-92B1-7474AB9A9E39}"
EndProject
Project("{FAE04EC0-301F-11D3-BF4B-00C04F79EFBC}") = "Faces.API.Test", "Faces\Faces.API.Test\Faces.API.Test.csproj", "{F59D4FA7-77A5-48CA-AC23-D656E63D116F}"
EndProject
Global
	GlobalSection(SolutionConfigurationPlatforms) = preSolution
		Debug|Any CPU = Debug|Any CPU
		Release|Any CPU = Release|Any CPU
	EndGlobalSection
	GlobalSection(ProjectConfigurationPlatforms) = postSolution
		{1B7C9DBF-0B13-42B9-92B1-7474AB9A9E39}.Debug|Any CPU.ActiveCfg = Debug|Any CPU
		{1B7C9DBF-0B13-42B9-92B1-7474AB9A9E39}.Debug|Any CPU.Build.0 = Debug|Any CPU
		{1B7C9DBF-0B13-42B9-92B1-7474AB9A9E39}.Release|Any CPU.ActiveCfg = Release|Any CPU
		{1B7C9DBF-0B13-42B9-92B1-7474AB9A9E39}.Release|Any CPU.Build.0 = Release|Any CPU
		{F59D4FA7-77A5-48CA-AC23-D656E63D116F}.Debug|Any CPU.ActiveCfg = Debug|Any CPU
		{F59D4FA7-77A5-48CA-AC23-D656E63D116F}.Debug|Any CPU.Build.0 = Debug|Any CPU
		{F59D4FA7-77A5-48CA-AC23-D656E63D116F}.Release|Any CPU.ActiveCfg = Release|Any CPU
		{F59D4FA7-77A5-48CA-AC23-D656E63D116F}.Release|Any CPU.Build.0 = Release|Any CPU
	EndGlobalSection
	GlobalSection(SolutionProperties) = preSolution
		HideSolutionNode = FALSE
	EndGlobalSection
	GlobalSection(NestedProjects) = preSolution
		{1B7C9DBF-0B13-42B9-92B1-7474AB9A9E39} = {0C99C8F8-6F5B-42D8-8C1A-CB5750ADA6B8}
		{F59D4FA7-77A5-48CA-AC23-D656E63D116F} = {0C99C8F8-6F5B-42D8-8C1A-CB5750ADA6B8}
	EndGlobalSection
	GlobalSection(ExtensibilityGlobals) = postSolution
		SolutionGuid = {A880231B-70D7-4734-8141-EC19C2926BA1}
	EndGlobalSection
EndGlobal
